
Microsoft Visual Studio Solution File, Format Version 12.00
# Visual Studio Version 17
VisualStudioVersion = 17.5.2.0
MinimumVisualStudioVersion = 10.0.40219.1
Project("{2150E333-8FDC-42A3-9474-1A3956D46DE8}") = "src", "src", "{827E0CD3-B72D-47B6-A68D-7590B98EB39B}"
EndProject
Project("{FAE04EC0-301F-11D3-BF4B-00C04F79EFBC}") = "DeployPortal", "src\DeployPortal\DeployPortal.csproj", "{40DD2399-3ECE-9579-52AD-CF427598E641}"
EndProject
Project("{FAE04EC0-301F-11D3-BF4B-00C04F79EFBC}") = "DeployPortal.PackageOps", "src\DeployPortal.PackageOps\DeployPortal.PackageOps.csproj", "{7CBB1E1D-3EF0-456A-8720-9022EFF2A246}"
EndProject
Project("{FAE04EC0-301F-11D3-BF4B-00C04F79EFBC}") = "DeployPortal.Tests", "src\DeployPortal.Tests\DeployPortal.Tests.csproj", "{9B219EF8-9C62-4367-8401-3AD427027227}"
EndProject
Project("{FAE04EC0-301F-11D3-BF4B-00C04F79EFBC}") = "DeployPortal.Functions", "src\DeployPortal.Functions\DeployPortal.Functions.csproj", "{D4BE23FF-52E0-432E-93A1-94551CDB649E}"
EndProject
Project("{FAE04EC0-301F-11D3-BF4B-00C04F79EFBC}") = "VerifyBuildArtifacts", "src\VerifyBuildArtifacts\VerifyBuildArtifacts.csproj", "{A1B2C3D4-E5F6-7890-ABCD-EF1234567890}"
EndProject
Global
	GlobalSection(SolutionConfigurationPlatforms) = preSolution
		Debug|Any CPU = Debug|Any CPU
		Debug|x64 = Debug|x64
		Debug|x86 = Debug|x86
		Release|Any CPU = Release|Any CPU
		Release|x64 = Release|x64
		Release|x86 = Release|x86
	EndGlobalSection
	GlobalSection(ProjectConfigurationPlatforms) = postSolution
		{40DD2399-3ECE-9579-52AD-CF427598E641}.Debug|Any CPU.ActiveCfg = Debug|Any CPU
		{40DD2399-3ECE-9579-52AD-CF427598E641}.Debug|Any CPU.Build.0 = Debug|Any CPU
		{40DD2399-3ECE-9579-52AD-CF427598E641}.Debug|x64.ActiveCfg = Debug|Any CPU
		{40DD2399-3ECE-9579-52AD-CF427598E641}.Debug|x64.Build.0 = Debug|Any CPU
		{40DD2399-3ECE-9579-52AD-CF427598E641}.Debug|x86.ActiveCfg = Debug|Any CPU
		{40DD2399-3ECE-9579-52AD-CF427598E641}.Debug|x86.Build.0 = Debug|Any CPU
		{40DD2399-3ECE-9579-52AD-CF427598E641}.Release|Any CPU.ActiveCfg = Release|Any CPU
		{40DD2399-3ECE-9579-52AD-CF427598E641}.Release|Any CPU.Build.0 = Release|Any CPU
		{40DD2399-3ECE-9579-52AD-CF427598E641}.Release|x64.ActiveCfg = Release|Any CPU
		{40DD2399-3ECE-9579-52AD-CF427598E641}.Release|x64.Build.0 = Release|Any CPU
		{40DD2399-3ECE-9579-52AD-CF427598E641}.Release|x86.ActiveCfg = Release|Any CPU
		{40DD2399-3ECE-9579-52AD-CF427598E641}.Release|x86.Build.0 = Release|Any CPU
		{7CBB1E1D-3EF0-456A-8720-9022EFF2A246}.Debug|Any CPU.ActiveCfg = Debug|Any CPU
		{7CBB1E1D-3EF0-456A-8720-9022EFF2A246}.Debug|Any CPU.Build.0 = Debug|Any CPU
		{7CBB1E1D-3EF0-456A-8720-9022EFF2A246}.Debug|x64.ActiveCfg = Debug|Any CPU
		{7CBB1E1D-3EF0-456A-8720-9022EFF2A246}.Debug|x64.Build.0 = Debug|Any CPU
		{7CBB1E1D-3EF0-456A-8720-9022EFF2A246}.Debug|x86.ActiveCfg = Debug|Any CPU
		{7CBB1E1D-3EF0-456A-8720-9022EFF2A246}.Debug|x86.Build.0 = Debug|Any CPU
		{7CBB1E1D-3EF0-456A-8720-9022EFF2A246}.Release|Any CPU.ActiveCfg = Release|Any CPU
		{7CBB1E1D-3EF0-456A-8720-9022EFF2A246}.Release|Any CPU.Build.0 = Release|Any CPU
		{7CBB1E1D-3EF0-456A-8720-9022EFF2A246}.Release|x64.ActiveCfg = Release|Any CPU
		{7CBB1E1D-3EF0-456A-8720-9022EFF2A246}.Release|x64.Build.0 = Release|Any CPU
		{7CBB1E1D-3EF0-456A-8720-9022EFF2A246}.Release|x86.ActiveCfg = Release|Any CPU
		{7CBB1E1D-3EF0-456A-8720-9022EFF2A246}.Release|x86.Build.0 = Release|Any CPU
		{9B219EF8-9C62-4367-8401-3AD427027227}.Debug|Any CPU.ActiveCfg = Debug|Any CPU
		{9B219EF8-9C62-4367-8401-3AD427027227}.Debug|Any CPU.Build.0 = Debug|Any CPU
		{9B219EF8-9C62-4367-8401-3AD427027227}.Debug|x64.ActiveCfg = Debug|Any CPU
		{9B219EF8-9C62-4367-8401-3AD427027227}.Debug|x64.Build.0 = Debug|Any CPU
		{9B219EF8-9C62-4367-8401-3AD427027227}.Debug|x86.ActiveCfg = Debug|Any CPU
		{9B219EF8-9C62-4367-8401-3AD427027227}.Debug|x86.Build.0 = Debug|Any CPU
		{9B219EF8-9C62-4367-8401-3AD427027227}.Release|Any CPU.ActiveCfg = Release|Any CPU
		{9B219EF8-9C62-4367-8401-3AD427027227}.Release|Any CPU.Build.0 = Release|Any CPU
		{9B219EF8-9C62-4367-8401-3AD427027227}.Release|x64.ActiveCfg = Release|Any CPU
		{9B219EF8-9C62-4367-8401-3AD427027227}.Release|x64.Build.0 = Release|Any CPU
		{9B219EF8-9C62-4367-8401-3AD427027227}.Release|x86.ActiveCfg = Release|Any CPU
		{9B219EF8-9C62-4367-8401-3AD427027227}.Release|x86.Build.0 = Release|Any CPU
		{D4BE23FF-52E0-432E-93A1-94551CDB649E}.Debug|Any CPU.ActiveCfg = Debug|Any CPU
		{D4BE23FF-52E0-432E-93A1-94551CDB649E}.Debug|Any CPU.Build.0 = Debug|Any CPU
		{D4BE23FF-52E0-432E-93A1-94551CDB649E}.Debug|x64.ActiveCfg = Debug|Any CPU
		{D4BE23FF-52E0-432E-93A1-94551CDB649E}.Debug|x64.Build.0 = Debug|Any CPU
		{D4BE23FF-52E0-432E-93A1-94551CDB649E}.Debug|x86.ActiveCfg = Debug|Any CPU
		{D4BE23FF-52E0-432E-93A1-94551CDB649E}.Debug|x86.Build.0 = Debug|Any CPU
		{D4BE23FF-52E0-432E-93A1-94551CDB649E}.Release|Any CPU.ActiveCfg = Release|Any CPU
		{D4BE23FF-52E0-432E-93A1-94551CDB649E}.Release|Any CPU.Build.0 = Release|Any CPU
		{D4BE23FF-52E0-432E-93A1-94551CDB649E}.Release|x64.ActiveCfg = Release|Any CPU
		{D4BE23FF-52E0-432E-93A1-94551CDB649E}.Release|x64.Build.0 = Release|Any CPU
		{D4BE23FF-52E0-432E-93A1-94551CDB649E}.Release|x86.ActiveCfg = Release|Any CPU
		{D4BE23FF-52E0-432E-93A1-94551CDB649E}.Release|x86.Build.0 = Release|Any CPU
		{A1B2C3D4-E5F6-7890-ABCD-EF1234567890}.Debug|Any CPU.ActiveCfg = Debug|Any CPU
		{A1B2C3D4-E5F6-7890-ABCD-EF1234567890}.Debug|Any CPU.Build.0 = Debug|Any CPU
		{A1B2C3D4-E5F6-7890-ABCD-EF1234567890}.Release|Any CPU.ActiveCfg = Release|Any CPU
		{A1B2C3D4-E5F6-7890-ABCD-EF1234567890}.Release|Any CPU.Build.0 = Release|Any CPU
	EndGlobalSection
	GlobalSection(SolutionProperties) = preSolution
		HideSolutionNode = FALSE
	EndGlobalSection
	GlobalSection(NestedProjects) = preSolution
		{40DD2399-3ECE-9579-52AD-CF427598E641} = {827E0CD3-B72D-47B6-A68D-7590B98EB39B}
		{7CBB1E1D-3EF0-456A-8720-9022EFF2A246} = {827E0CD3-B72D-47B6-A68D-7590B98EB39B}
		{9B219EF8-9C62-4367-8401-3AD427027227} = {827E0CD3-B72D-47B6-A68D-7590B98EB39B}
		{D4BE23FF-52E0-432E-93A1-94551CDB649E} = {827E0CD3-B72D-47B6-A68D-7590B98EB39B}
		{A1B2C3D4-E5F6-7890-ABCD-EF1234567890} = {827E0CD3-B72D-47B6-A68D-7590B98EB39B}
	EndGlobalSection
	GlobalSection(ExtensibilityGlobals) = postSolution
		SolutionGuid = {F4B7C547-F505-4E7B-BBEE-D95A893837AE}
	EndGlobalSection
EndGlobal
